<?xml version="1.0" encoding="utf-8"?>
<Project ToolsVersion="4.0" xmlns="http://schemas.microsoft.com/developer/msbuild/2003">
  <ItemGroup>
    <Filter Include="Source Files">
      <UniqueIdentifier>{4FC737F1-C7A5-4376-A066-2A32D752A2FF}</UniqueIdentifier>
      <Extensions>cpp;c;cc;cxx;def;odl;idl;hpj;bat;asm;asmx</Extensions>
    </Filter>
    <Filter Include="Header Files">
      <UniqueIdentifier>{93995380-89BD-4b04-88EB-625FBE52EBFB}</UniqueIdentifier>
      <Extensions>h;hh;hpp;hxx;hm;inl;inc;xsd</Extensions>
    </Filter>
    <Filter Include="Resource Files">
      <UniqueIdentifier>{67DA6AB6-F800-4c08-8B7A-83BB121AAD01}</UniqueIdentifier>
      <Extensions>rc;ico;cur;bmp;dlg;rc2;rct;bin;rgs;gif;jpg;jpeg;jpe;resx;tiff;tif;png;wav;mfcribbon-ms</Extensions>
    </Filter>
    <Filter Include="Header Files\Math">
      <UniqueIdentifier>{3258b2dd-8e11-4951-9ae9-5b245817fb57}</UniqueIdentifier>
    </Filter>
    <Filter Include="Header Files\Renderable">
      <UniqueIdentifier>{89a57c1a-b930-450c-9d61-a56ea47094cf}</UniqueIdentifier>
    </Filter>
    <Filter Include="Header Files\Utility">
      <UniqueIdentifier>{1bbcfdae-a696-454f-a50e-0b554d533f79}</UniqueIdentifier>
    </Filter>
    <Filter Include="Header Files\Core">
      <UniqueIdentifier>{111bda13-03f3-461d-a3f8-65a9418dfc9a}</UniqueIdentifier>
    </Filter>
  </ItemGroup>
  <ItemGroup>
    <ClCompile Include="Source\Main.cpp">
      <Filter>Source Files</Filter>
    </ClCompile>
  </ItemGroup>
  <ItemGroup>
    <ClInclude Include="Headers\mat4.h">
      <Filter>Header Files\Math</Filter>
    </ClInclude>
    <ClInclude Include="Headers\Maths.h">
      <Filter>Header Files\Math</Filter>
    </ClInclude>
    <ClInclude Include="Headers\vec2.h">
      <Filter>Header Files\Math</Filter>
    </ClInclude>
    <ClInclude Include="Headers\vec3.h">
      <Filter>Header Files\Math</Filter>
    </ClInclude>
    <ClInclude Include="Headers\vec4.h">
      <Filter>Header Files\Math</Filter>
    </ClInclude>
    <ClInclude Include="Headers\Label.h">
      <Filter>Header Files\Renderable</Filter>
    </ClInclude>
    <ClInclude Include="Headers\group.h">
      <Filter>Header Files\Renderable</Filter>
    </ClInclude>
    <ClInclude Include="Headers\sprite.h">
      <Filter>Header Files\Renderable</Filter>
    </ClInclude>
    <ClInclude Include="Headers\texture.h">
      <Filter>Header Files\Renderable</Filter>
    </ClInclude>
    <ClInclude Include="Headers\tilelayer.h">
      <Filter>Header Files\Renderable</Filter>
    </ClInclude>
    <ClInclude Include="Headers\fileutils.h">
      <Filter>Header Files\Utility</Filter>
    </ClInclude>
    <ClInclude Include="Headers\imageload.h">
      <Filter>Header Files\Utility</Filter>
    </ClInclude>
    <ClInclude Include="Headers\MikaTestijuttuja.h">
      <Filter>Header Files\Utility</Filter>
    </ClInclude>
    <ClInclude Include="Headers\sound.h">
      <Filter>Header Files\Utility</Filter>
    </ClInclude>
    <ClInclude Include="Headers\sound_manager.h">
      <Filter>Header Files\Utility</Filter>
    </ClInclude>
    <ClInclude Include="Headers\timer.h">
      <Filter>Header Files\Utility</Filter>
    </ClInclude>
    <ClInclude Include="Headers\BatchRenderer2D.h">
      <Filter>Header Files\Core</Filter>
    </ClInclude>
    <ClInclude Include="Headers\buffer.h">
      <Filter>Header Files\Core</Filter>
    </ClInclude>
    <ClInclude Include="Headers\indexbuffer.h">
      <Filter>Header Files\Core</Filter>
    </ClInclude>
    <ClInclude Include="Headers\layer.h">
      <Filter>Header Files\Core</Filter>
    </ClInclude>
    <ClInclude Include="Headers\renderable2d.h">
      <Filter>Header Files\Core</Filter>
    </ClInclude>
    <ClInclude Include="Headers\renderer2d.h">
      <Filter>Header Files\Core</Filter>
    </ClInclude>
    <ClInclude Include="Headers\Shader.h">
      <Filter>Header Files\Core</Filter>
    </ClInclude>
    <ClInclude Include="Headers\simple2drenderer.h">
      <Filter>Header Files\Core</Filter>
    </ClInclude>
    <ClInclude Include="Headers\static_sprite.h">
      <Filter>Header Files\Core</Filter>
    </ClInclude>
    <ClInclude Include="Headers\vertexarray.h">
      <Filter>Header Files\Core</Filter>
    </ClInclude>
    <ClInclude Include="Headers\window.h">
      <Filter>Header Files\Core</Filter>
    </ClInclude>
  </ItemGroup>
</Project>